
Microsoft Visual Studio Solution File, Format Version 12.00
# Visual Studio 15
VisualStudioVersion = 15.0.27004.2005
MinimumVisualStudioVersion = 10.0.40219.1
Project("{FAE04EC0-301F-11D3-BF4B-00C04F79EFBC}") = "Euston Leisure Messaging", "Euston Leisure Messaging\Euston Leisure Messaging.csproj", "{6E48DEA5-2832-4219-A585-731AC3882438}"
EndProject
Project("{FAE04EC0-301F-11D3-BF4B-00C04F79EFBC}") = "ELM Unit Testing", "ELM Unit Testing\ELM Unit Testing.csproj", "{8D0FE448-5190-4E5C-B5EF-A313670AC290}"
EndProject
Global
	GlobalSection(SolutionConfigurationPlatforms) = preSolution
		Debug|Any CPU = Debug|Any CPU
		Release|Any CPU = Release|Any CPU
	EndGlobalSection
	GlobalSection(ProjectConfigurationPlatforms) = postSolution
		{6E48DEA5-2832-4219-A585-731AC3882438}.Debug|Any CPU.ActiveCfg = Debug|Any CPU
		{6E48DEA5-2832-4219-A585-731AC3882438}.Debug|Any CPU.Build.0 = Debug|Any CPU
		{6E48DEA5-2832-4219-A585-731AC3882438}.Release|Any CPU.ActiveCfg = Release|Any CPU
		{6E48DEA5-2832-4219-A585-731AC3882438}.Release|Any CPU.Build.0 = Release|Any CPU
		{8D0FE448-5190-4E5C-B5EF-A313670AC290}.Debug|Any CPU.ActiveCfg = Debug|Any CPU
		{8D0FE448-5190-4E5C-B5EF-A313670AC290}.Debug|Any CPU.Build.0 = Debug|Any CPU
		{8D0FE448-5190-4E5C-B5EF-A313670AC290}.Release|Any CPU.ActiveCfg = Release|Any CPU
		{8D0FE448-5190-4E5C-B5EF-A313670AC290}.Release|Any CPU.Build.0 = Release|Any CPU
	EndGlobalSection
	GlobalSection(SolutionProperties) = preSolution
		HideSolutionNode = FALSE
	EndGlobalSection
	GlobalSection(ExtensibilityGlobals) = postSolution
		SolutionGuid = {B6F5E621-DA6C-437A-B026-2116735AE066}
	EndGlobalSection
EndGlobal
